
Microsoft Visual Studio Solution File, Format Version 12.00
# Visual Studio Version 17
VisualStudioVersion = 17.8.34316.72
MinimumVisualStudioVersion = 10.0.40219.1
Project("{FAE04EC0-301F-11D3-BF4B-00C04F79EFBC}") = "ifStatementsExercise2", "ifStatementsExercise2.csproj", "{B816785A-5BBE-4CE7-AA79-86F96F03CB59}"
EndProject
Global
	GlobalSection(SolutionConfigurationPlatforms) = preSolution
		Debug|Any CPU = Debug|Any CPU
		Release|Any CPU = Release|Any CPU
	EndGlobalSection
	GlobalSection(ProjectConfigurationPlatforms) = postSolution
		{B816785A-5BBE-4CE7-AA79-86F96F03CB59}.Debug|Any CPU.ActiveCfg = Debug|Any CPU
		{B816785A-5BBE-4CE7-AA79-86F96F03CB59}.Debug|Any CPU.Build.0 = Debug|Any CPU
		{B816785A-5BBE-4CE7-AA79-86F96F03CB59}.Release|Any CPU.ActiveCfg = Release|Any CPU
		{B816785A-5BBE-4CE7-AA79-86F96F03CB59}.Release|Any CPU.Build.0 = Release|Any CPU
	EndGlobalSection
	GlobalSection(SolutionProperties) = preSolution
		HideSolutionNode = FALSE
	EndGlobalSection
	GlobalSection(ExtensibilityGlobals) = postSolution
		SolutionGuid = {954A047E-29D6-4F49-A929-86FB653BBE82}
	EndGlobalSection
EndGlobal
